
Microsoft Visual Studio Solution File, Format Version 12.00
# Visual Studio Version 16
VisualStudioVersion = 16.0.30413.136
MinimumVisualStudioVersion = 10.0.40219.1
Project("{888888A0-9F3D-457C-B088-3A5042F75D52}") = "tunniplan", "tunniplan.pyproj", "{2BCADCAE-3408-402D-B00A-9A824DF7860E}"
EndProject
Global
	GlobalSection(SolutionConfigurationPlatforms) = preSolution
		Debug|Any CPU = Debug|Any CPU
		Release|Any CPU = Release|Any CPU
	EndGlobalSection
	GlobalSection(ProjectConfigurationPlatforms) = postSolution
		{2BCADCAE-3408-402D-B00A-9A824DF7860E}.Debug|Any CPU.ActiveCfg = Debug|Any CPU
		{2BCADCAE-3408-402D-B00A-9A824DF7860E}.Release|Any CPU.ActiveCfg = Release|Any CPU
	EndGlobalSection
	GlobalSection(SolutionProperties) = preSolution
		HideSolutionNode = FALSE
	EndGlobalSection
	GlobalSection(ExtensibilityGlobals) = postSolution
		SolutionGuid = {596AD896-FA19-49B0-8441-18B48F1CACA3}
	EndGlobalSection
EndGlobal
